{
  "name": "uloha01",
  "version": "1.0.0",
  "lockfileVersion": 1,
  "requires": true,
  "dependencies": {
    "await-of": {
      "version": "1.2.0",
      "resolved": "https://registry.npmjs.org/await-of/-/await-of-1.2.0.tgz",
      "integrity": "sha512-pesPcWF3AJppaIQERxw6MRRqNSqA+jSOEeNSVXkAO5Cf2io5uiN//FkDoFLZrBRw/M7lOzEs4cQg805t/tRKIw=="
    }
  }
}
